{
  "name": "js",
  "version": "1.0.0",
  "lockfileVersion": 1,
  "requires": true,
  "dependencies": {
    "convert-string-to-ascii": {
      "version": "1.0.2",
      "resolved": "https://registry.npmjs.org/convert-string-to-ascii/-/convert-string-to-ascii-1.0.2.tgz",
      "integrity": "sha512-l2vJIiOxusQPvWeS963Z1Pb3slqxnpo5elTwkT8TtM63OKGyCoI0cBwwyKxfKfYklFs21wCrMflkDyt/RIMrJA==",
      "dev": true
    }
  }
}
